
Microsoft Visual Studio Solution File, Format Version 12.00
# Visual Studio Version 16
VisualStudioVersion = 16.0.30128.74
MinimumVisualStudioVersion = 10.0.40219.1
Project("{FAE04EC0-301F-11D3-BF4B-00C04F79EFBC}") = "PinnedMemory", "PinnedMemory\PinnedMemory.csproj", "{772ECA44-F729-4A33-BE01-CAECBD6027F0}"
EndProject
Global
	GlobalSection(SolutionConfigurationPlatforms) = preSolution
		Debug|Any CPU = Debug|Any CPU
		Release|Any CPU = Release|Any CPU
	EndGlobalSection
	GlobalSection(ProjectConfigurationPlatforms) = postSolution
		{772ECA44-F729-4A33-BE01-CAECBD6027F0}.Debug|Any CPU.ActiveCfg = Debug|Any CPU
		{772ECA44-F729-4A33-BE01-CAECBD6027F0}.Debug|Any CPU.Build.0 = Debug|Any CPU
		{772ECA44-F729-4A33-BE01-CAECBD6027F0}.Release|Any CPU.ActiveCfg = Release|Any CPU
		{772ECA44-F729-4A33-BE01-CAECBD6027F0}.Release|Any CPU.Build.0 = Release|Any CPU
	EndGlobalSection
	GlobalSection(SolutionProperties) = preSolution
		HideSolutionNode = FALSE
	EndGlobalSection
	GlobalSection(ExtensibilityGlobals) = postSolution
		SolutionGuid = {75C0AD55-F2FF-4465-85FE-D2696FB3E5D0}
	EndGlobalSection
EndGlobal
